
Microsoft Visual Studio Solution File, Format Version 12.00
# Visual Studio Version 17
VisualStudioVersion = 17.2.32314.265
MinimumVisualStudioVersion = 10.0.40219.1
Project("{2150E333-8FDC-42A3-9474-1A3956D46DE8}") = "src", "src", "{23454F34-E8EC-4FF3-8065-DCFBA1534B9A}"
EndProject
Project("{9A19103F-16F7-4668-BE54-9A1E7A4F7556}") = "U2U.Currencies.Core", "src\U2U.Currencies.Core\U2U.Currencies.Core.csproj", "{B0E612E0-7266-4125-A653-2F4C5662ED6C}"
EndProject
Project("{2150E333-8FDC-42A3-9474-1A3956D46DE8}") = "test", "test", "{443C017D-3DAC-4726-AC6B-F37F690F286F}"
EndProject
Project("{9A19103F-16F7-4668-BE54-9A1E7A4F7556}") = "U2U.Currencies.Core.Tests", "test\U2U.Currencies.Core.Tests\U2U.Currencies.Core.Tests.csproj", "{5A91D92B-87C4-48E5-8BF9-ADC15807DC8E}"
EndProject
Project("{9A19103F-16F7-4668-BE54-9A1E7A4F7556}") = "U2U.Currencies.FakeData", "test\U2U.Currencies.FakeData\U2U.Currencies.FakeData.csproj", "{B811C996-105A-411F-92A5-7F3813664E15}"
EndProject
Project("{9A19103F-16F7-4668-BE54-9A1E7A4F7556}") = "U2U.Currencies.Infra", "src\U2U.Currencies.Infra\U2U.Currencies.Infra.csproj", "{4A613E6C-D7F6-4087-9537-DBCE029052BC}"
EndProject
Project("{9A19103F-16F7-4668-BE54-9A1E7A4F7556}") = "U2U.Games.Core", "src\U2U.Games.Core\U2U.Games.Core.csproj", "{E3BE2267-D022-46A9-873B-9413B89852C0}"
EndProject
Project("{9A19103F-16F7-4668-BE54-9A1E7A4F7556}") = "U2U.Games.Infra", "src\U2U.Games.Infra\U2U.Games.Infra.csproj", "{64928065-2DC3-4447-9EBE-A216BD34235E}"
EndProject
Project("{9A19103F-16F7-4668-BE54-9A1E7A4F7556}") = "U2U.Testing.Abstractions", "test\U2U.Testing.Abstractions\U2U.Testing.Abstractions.csproj", "{5CC79CCB-A145-4ECF-9807-67AF1EAAFFD8}"
EndProject
Project("{9A19103F-16F7-4668-BE54-9A1E7A4F7556}") = "U2U.Currencies.Infra.Tests", "test\U2U.Currencies.Infra.Tests\U2U.Currencies.Infra.Tests.csproj", "{631B0401-DA70-4EAC-AEE0-5869FA7CE80D}"
EndProject
Project("{9A19103F-16F7-4668-BE54-9A1E7A4F7556}") = "U2U.Games.Core.Tests", "test\U2U.Games.Core.Tests\U2U.Games.Core.Tests.csproj", "{FAB66FA4-41C1-4B99-AD46-81B61A927DAE}"
EndProject
Project("{9A19103F-16F7-4668-BE54-9A1E7A4F7556}") = "U2U.Games.FakeData", "test\U2U.Games.FakeData\U2U.Games.FakeData.csproj", "{D74B0155-19AE-4A49-9B8C-487F3827EEA0}"
EndProject
Project("{9A19103F-16F7-4668-BE54-9A1E7A4F7556}") = "U2U.Games.Infra.Tests", "test\U2U.Games.Infra.Tests\U2U.Games.Infra.Tests.csproj", "{6EA2AB18-8B42-4F1B-85B0-1AD2CE4E53EE}"
EndProject
Project("{9A19103F-16F7-4668-BE54-9A1E7A4F7556}") = "U2U.GameStore.Web.Tests", "test\U2U.GameStore.Web.Tests\U2U.GameStore.Web.Tests.csproj", "{86865386-4DD9-4013-B6AA-A38E751CBEFF}"
EndProject
Project("{9A19103F-16F7-4668-BE54-9A1E7A4F7556}") = "U2U.GameStore.Web", "src\U2U.GameStore.Web\U2U.GameStore.Web.csproj", "{1041DF53-9FA4-4B11-9939-CE880A3D5C3B}"
EndProject
Project("{2150E333-8FDC-42A3-9474-1A3956D46DE8}") = "templates", "templates", "{E88121EC-06D4-4AAE-8EF5-DEC8A7302A84}"
	ProjectSection(SolutionItems) = preProject
		templates\deploywebapp.json = templates\deploywebapp.json
	EndProjectSection
EndProject
Project("{2150E333-8FDC-42A3-9474-1A3956D46DE8}") = "Solution Items", "Solution Items", "{833FE73A-CD3F-436B-84C3-61ACBF51CC03}"
	ProjectSection(SolutionItems) = preProject
		global.json = global.json
	EndProjectSection
EndProject
Global
	GlobalSection(SolutionConfigurationPlatforms) = preSolution
		Debug|Any CPU = Debug|Any CPU
		Release|Any CPU = Release|Any CPU
	EndGlobalSection
	GlobalSection(ProjectConfigurationPlatforms) = postSolution
		{B0E612E0-7266-4125-A653-2F4C5662ED6C}.Debug|Any CPU.ActiveCfg = Debug|Any CPU
		{B0E612E0-7266-4125-A653-2F4C5662ED6C}.Debug|Any CPU.Build.0 = Debug|Any CPU
		{B0E612E0-7266-4125-A653-2F4C5662ED6C}.Release|Any CPU.ActiveCfg = Release|Any CPU
		{B0E612E0-7266-4125-A653-2F4C5662ED6C}.Release|Any CPU.Build.0 = Release|Any CPU
		{5A91D92B-87C4-48E5-8BF9-ADC15807DC8E}.Debug|Any CPU.ActiveCfg = Debug|Any CPU
		{5A91D92B-87C4-48E5-8BF9-ADC15807DC8E}.Debug|Any CPU.Build.0 = Debug|Any CPU
		{5A91D92B-87C4-48E5-8BF9-ADC15807DC8E}.Release|Any CPU.ActiveCfg = Release|Any CPU
		{5A91D92B-87C4-48E5-8BF9-ADC15807DC8E}.Release|Any CPU.Build.0 = Release|Any CPU
		{B811C996-105A-411F-92A5-7F3813664E15}.Debug|Any CPU.ActiveCfg = Debug|Any CPU
		{B811C996-105A-411F-92A5-7F3813664E15}.Debug|Any CPU.Build.0 = Debug|Any CPU
		{B811C996-105A-411F-92A5-7F3813664E15}.Release|Any CPU.ActiveCfg = Release|Any CPU
		{B811C996-105A-411F-92A5-7F3813664E15}.Release|Any CPU.Build.0 = Release|Any CPU
		{4A613E6C-D7F6-4087-9537-DBCE029052BC}.Debug|Any CPU.ActiveCfg = Debug|Any CPU
		{4A613E6C-D7F6-4087-9537-DBCE029052BC}.Debug|Any CPU.Build.0 = Debug|Any CPU
		{4A613E6C-D7F6-4087-9537-DBCE029052BC}.Release|Any CPU.ActiveCfg = Release|Any CPU
		{4A613E6C-D7F6-4087-9537-DBCE029052BC}.Release|Any CPU.Build.0 = Release|Any CPU
		{E3BE2267-D022-46A9-873B-9413B89852C0}.Debug|Any CPU.ActiveCfg = Debug|Any CPU
		{E3BE2267-D022-46A9-873B-9413B89852C0}.Debug|Any CPU.Build.0 = Debug|Any CPU
		{E3BE2267-D022-46A9-873B-9413B89852C0}.Release|Any CPU.ActiveCfg = Release|Any CPU
		{E3BE2267-D022-46A9-873B-9413B89852C0}.Release|Any CPU.Build.0 = Release|Any CPU
		{64928065-2DC3-4447-9EBE-A216BD34235E}.Debug|Any CPU.ActiveCfg = Debug|Any CPU
		{64928065-2DC3-4447-9EBE-A216BD34235E}.Debug|Any CPU.Build.0 = Debug|Any CPU
		{64928065-2DC3-4447-9EBE-A216BD34235E}.Release|Any CPU.ActiveCfg = Release|Any CPU
		{64928065-2DC3-4447-9EBE-A216BD34235E}.Release|Any CPU.Build.0 = Release|Any CPU
		{5CC79CCB-A145-4ECF-9807-67AF1EAAFFD8}.Debug|Any CPU.ActiveCfg = Debug|Any CPU
		{5CC79CCB-A145-4ECF-9807-67AF1EAAFFD8}.Debug|Any CPU.Build.0 = Debug|Any CPU
		{5CC79CCB-A145-4ECF-9807-67AF1EAAFFD8}.Release|Any CPU.ActiveCfg = Release|Any CPU
		{5CC79CCB-A145-4ECF-9807-67AF1EAAFFD8}.Release|Any CPU.Build.0 = Release|Any CPU
		{631B0401-DA70-4EAC-AEE0-5869FA7CE80D}.Debug|Any CPU.ActiveCfg = Debug|Any CPU
		{631B0401-DA70-4EAC-AEE0-5869FA7CE80D}.Debug|Any CPU.Build.0 = Debug|Any CPU
		{631B0401-DA70-4EAC-AEE0-5869FA7CE80D}.Release|Any CPU.ActiveCfg = Release|Any CPU
		{631B0401-DA70-4EAC-AEE0-5869FA7CE80D}.Release|Any CPU.Build.0 = Release|Any CPU
		{FAB66FA4-41C1-4B99-AD46-81B61A927DAE}.Debug|Any CPU.ActiveCfg = Debug|Any CPU
		{FAB66FA4-41C1-4B99-AD46-81B61A927DAE}.Debug|Any CPU.Build.0 = Debug|Any CPU
		{FAB66FA4-41C1-4B99-AD46-81B61A927DAE}.Release|Any CPU.ActiveCfg = Release|Any CPU
		{FAB66FA4-41C1-4B99-AD46-81B61A927DAE}.Release|Any CPU.Build.0 = Release|Any CPU
		{D74B0155-19AE-4A49-9B8C-487F3827EEA0}.Debug|Any CPU.ActiveCfg = Debug|Any CPU
		{D74B0155-19AE-4A49-9B8C-487F3827EEA0}.Debug|Any CPU.Build.0 = Debug|Any CPU
		{D74B0155-19AE-4A49-9B8C-487F3827EEA0}.Release|Any CPU.ActiveCfg = Release|Any CPU
		{D74B0155-19AE-4A49-9B8C-487F3827EEA0}.Release|Any CPU.Build.0 = Release|Any CPU
		{6EA2AB18-8B42-4F1B-85B0-1AD2CE4E53EE}.Debug|Any CPU.ActiveCfg = Debug|Any CPU
		{6EA2AB18-8B42-4F1B-85B0-1AD2CE4E53EE}.Debug|Any CPU.Build.0 = Debug|Any CPU
		{6EA2AB18-8B42-4F1B-85B0-1AD2CE4E53EE}.Release|Any CPU.ActiveCfg = Release|Any CPU
		{6EA2AB18-8B42-4F1B-85B0-1AD2CE4E53EE}.Release|Any CPU.Build.0 = Release|Any CPU
		{86865386-4DD9-4013-B6AA-A38E751CBEFF}.Debug|Any CPU.ActiveCfg = Debug|Any CPU
		{86865386-4DD9-4013-B6AA-A38E751CBEFF}.Debug|Any CPU.Build.0 = Debug|Any CPU
		{86865386-4DD9-4013-B6AA-A38E751CBEFF}.Release|Any CPU.ActiveCfg = Release|Any CPU
		{86865386-4DD9-4013-B6AA-A38E751CBEFF}.Release|Any CPU.Build.0 = Release|Any CPU
		{1041DF53-9FA4-4B11-9939-CE880A3D5C3B}.Debug|Any CPU.ActiveCfg = Debug|Any CPU
		{1041DF53-9FA4-4B11-9939-CE880A3D5C3B}.Debug|Any CPU.Build.0 = Debug|Any CPU
		{1041DF53-9FA4-4B11-9939-CE880A3D5C3B}.Release|Any CPU.ActiveCfg = Release|Any CPU
		{1041DF53-9FA4-4B11-9939-CE880A3D5C3B}.Release|Any CPU.Build.0 = Release|Any CPU
	EndGlobalSection
	GlobalSection(SolutionProperties) = preSolution
		HideSolutionNode = FALSE
	EndGlobalSection
	GlobalSection(NestedProjects) = preSolution
		{B0E612E0-7266-4125-A653-2F4C5662ED6C} = {23454F34-E8EC-4FF3-8065-DCFBA1534B9A}
		{5A91D92B-87C4-48E5-8BF9-ADC15807DC8E} = {443C017D-3DAC-4726-AC6B-F37F690F286F}
		{B811C996-105A-411F-92A5-7F3813664E15} = {443C017D-3DAC-4726-AC6B-F37F690F286F}
		{4A613E6C-D7F6-4087-9537-DBCE029052BC} = {23454F34-E8EC-4FF3-8065-DCFBA1534B9A}
		{E3BE2267-D022-46A9-873B-9413B89852C0} = {23454F34-E8EC-4FF3-8065-DCFBA1534B9A}
		{64928065-2DC3-4447-9EBE-A216BD34235E} = {23454F34-E8EC-4FF3-8065-DCFBA1534B9A}
		{5CC79CCB-A145-4ECF-9807-67AF1EAAFFD8} = {443C017D-3DAC-4726-AC6B-F37F690F286F}
		{631B0401-DA70-4EAC-AEE0-5869FA7CE80D} = {443C017D-3DAC-4726-AC6B-F37F690F286F}
		{FAB66FA4-41C1-4B99-AD46-81B61A927DAE} = {443C017D-3DAC-4726-AC6B-F37F690F286F}
		{D74B0155-19AE-4A49-9B8C-487F3827EEA0} = {443C017D-3DAC-4726-AC6B-F37F690F286F}
		{6EA2AB18-8B42-4F1B-85B0-1AD2CE4E53EE} = {443C017D-3DAC-4726-AC6B-F37F690F286F}
		{86865386-4DD9-4013-B6AA-A38E751CBEFF} = {443C017D-3DAC-4726-AC6B-F37F690F286F}
		{1041DF53-9FA4-4B11-9939-CE880A3D5C3B} = {23454F34-E8EC-4FF3-8065-DCFBA1534B9A}
	EndGlobalSection
	GlobalSection(ExtensibilityGlobals) = postSolution
		SolutionGuid = {A7B909DF-D03B-4A2A-B90A-C82CB2E31759}
	EndGlobalSection
EndGlobal
